
Microsoft Visual Studio Solution File, Format Version 12.00
# Visual Studio 15
VisualStudioVersion = 15.0.26430.12
MinimumVisualStudioVersion = 10.0.40219.1
Project("{FAE04EC0-301F-11D3-BF4B-00C04F79EFBC}") = "TestCoreWebApi", "TestCoreWebApi\TestCoreWebApi.csproj", "{3725759D-1D9A-4D81-8CE4-C2EE99E204BF}"
EndProject
Global
	GlobalSection(SolutionConfigurationPlatforms) = preSolution
		Debug|Any CPU = Debug|Any CPU
		Release|Any CPU = Release|Any CPU
	EndGlobalSection
	GlobalSection(ProjectConfigurationPlatforms) = postSolution
		{3725759D-1D9A-4D81-8CE4-C2EE99E204BF}.Debug|Any CPU.ActiveCfg = Debug|Any CPU
		{3725759D-1D9A-4D81-8CE4-C2EE99E204BF}.Debug|Any CPU.Build.0 = Debug|Any CPU
		{3725759D-1D9A-4D81-8CE4-C2EE99E204BF}.Release|Any CPU.ActiveCfg = Release|Any CPU
		{3725759D-1D9A-4D81-8CE4-C2EE99E204BF}.Release|Any CPU.Build.0 = Release|Any CPU
	EndGlobalSection
	GlobalSection(SolutionProperties) = preSolution
		HideSolutionNode = FALSE
	EndGlobalSection
EndGlobal
